
Microsoft Visual Studio Solution File, Format Version 12.00
# Visual Studio Version 16
VisualStudioVersion = 16.0.34031.81
MinimumVisualStudioVersion = 10.0.40219.1
Project("{FAE04EC0-301F-11D3-BF4B-00C04F79EFBC}") = "KalkulatorAlkoholu", "KalkulatorAlkoholu\KalkulatorAlkoholu.csproj", "{FC48AC6E-D861-4634-B976-65BC029C53F6}"
EndProject
Project("{2150E333-8FDC-42A3-9474-1A3956D46DE8}") = "Solution Items", "Solution Items", "{BD8E6E39-CCC2-48A9-AD41-27ED1A9771AD}"
EndProject
Global
	GlobalSection(SolutionConfigurationPlatforms) = preSolution
		Debug|Any CPU = Debug|Any CPU
		Release|Any CPU = Release|Any CPU
	EndGlobalSection
	GlobalSection(ProjectConfigurationPlatforms) = postSolution
		{FC48AC6E-D861-4634-B976-65BC029C53F6}.Debug|Any CPU.ActiveCfg = Debug|Any CPU
		{FC48AC6E-D861-4634-B976-65BC029C53F6}.Debug|Any CPU.Build.0 = Debug|Any CPU
		{FC48AC6E-D861-4634-B976-65BC029C53F6}.Release|Any CPU.ActiveCfg = Release|Any CPU
		{FC48AC6E-D861-4634-B976-65BC029C53F6}.Release|Any CPU.Build.0 = Release|Any CPU
	EndGlobalSection
	GlobalSection(SolutionProperties) = preSolution
		HideSolutionNode = FALSE
	EndGlobalSection
	GlobalSection(ExtensibilityGlobals) = postSolution
		SolutionGuid = {398AAD20-041F-4986-8C19-2B7C4D38DE31}
	EndGlobalSection
EndGlobal
